
Microsoft Visual Studio Solution File, Format Version 12.00
# Visual Studio 15
VisualStudioVersion = 15.0.28307.271
MinimumVisualStudioVersion = 10.0.40219.1
Project("{9A19103F-16F7-4668-BE54-9A1E7A4F7556}") = "MySystem.BL.Contract", "..\MySystem.BL\MySystem.BL.Contract\MySystem.BL.Contract.csproj", "{35275DD2-8A3F-4A80-AB70-763B6D345899}"
EndProject
Project("{2150E333-8FDC-42A3-9474-1A3956D46DE8}") = "BL", "BL", "{D5EBDD40-9D07-4D03-BA33-E1954EFA1EE2}"
EndProject
Project("{9A19103F-16F7-4668-BE54-9A1E7A4F7556}") = "MySystem.Service.Domain", "..\MySystem.Service\MySystem.Service.Domain\MySystem.Service.Domain.csproj", "{4478AF27-C8A2-4A3F-9B08-04D2BAA3AB13}"
EndProject
Project("{2150E333-8FDC-42A3-9474-1A3956D46DE8}") = "Service", "Service", "{9D7C6007-834B-4CC8-B6D9-0A1E7CFEC9D3}"
EndProject
Project("{FAE04EC0-301F-11D3-BF4B-00C04F79EFBC}") = "MySystem.Client.Contract", "..\MySystem.Client\MySystem.Client.Contract\MySystem.Client.Contract.csproj", "{3C0BE0B5-CF1C-4C7B-8A6F-2675826E74A4}"
EndProject
Project("{FAE04EC0-301F-11D3-BF4B-00C04F79EFBC}") = "MySystem.Client.Main", "..\MySystem.Client\MySystem.Client.Main\MySystem.Client.Main.csproj", "{B05060BD-D210-401E-A5F9-0D464F737121}"
EndProject
Project("{2150E333-8FDC-42A3-9474-1A3956D46DE8}") = "Client", "Client", "{42C425B1-93BB-49D1-A5FB-E4C5BADAF0D1}"
EndProject
Project("{FAE04EC0-301F-11D3-BF4B-00C04F79EFBC}") = "MySystem.UI.Contract", "MySystem.UI.Contract\MySystem.UI.Contract.csproj", "{592D7AD8-BD76-45E7-9D50-AA7C0FDD6DBF}"
EndProject
Project("{FAE04EC0-301F-11D3-BF4B-00C04F79EFBC}") = "MySystem.UI.View", "MySystem.UI.View\MySystem.UI.View.csproj", "{C69AD85C-FBDC-4CCC-91F6-5D9DEAED0898}"
EndProject
Project("{FAE04EC0-301F-11D3-BF4B-00C04F79EFBC}") = "MySystem.UI.Commands", "MySystem.UI.Commands\MySystem.UI.Commands.csproj", "{766FB65E-D052-470B-9DF8-12D7CD991014}"
EndProject
Project("{FAE04EC0-301F-11D3-BF4B-00C04F79EFBC}") = "MySystem.UI.ViewModel", "MySystem.UI.ViewModel\MySystem.UI.ViewModel.csproj", "{2439FA99-5B50-4873-8FB9-B4278B146EB3}"
EndProject
Project("{FAE04EC0-301F-11D3-BF4B-00C04F79EFBC}") = "MySystem.UI.Main", "MySystem.UI.Main\MySystem.UI.Main.csproj", "{4488747C-7F00-4F96-BA78-537A1631A801}"
EndProject
Project("{2150E333-8FDC-42A3-9474-1A3956D46DE8}") = "DAL", "DAL", "{4E7D8596-FFA3-44C8-A76F-18E6D135CFE9}"
EndProject
Project("{9A19103F-16F7-4668-BE54-9A1E7A4F7556}") = "MySystem.DAL.Contract", "..\MySystem.DAL\MySystem.DAL.Contract\MySystem.DAL.Contract.csproj", "{79A3DCDA-8B22-4645-BF95-01346FA16863}"
EndProject
Project("{9A19103F-16F7-4668-BE54-9A1E7A4F7556}") = "MySystem.DAL.Entities", "..\MySystem.DAL\MySystem.DAL.Entities\MySystem.DAL.Entities.csproj", "{974E471D-77D2-4A25-AD78-76018B194526}"
EndProject
Project("{9A19103F-16F7-4668-BE54-9A1E7A4F7556}") = "MySystem.BL.DomainEvents", "..\MySystem.BL\MySystem.BL.DomainEvents\MySystem.BL.DomainEvents.csproj", "{80F64035-5398-499B-A5DB-B147F8B0AD40}"
EndProject
Project("{9A19103F-16F7-4668-BE54-9A1E7A4F7556}") = "MySystem.BL.Rules", "..\MySystem.BL\MySystem.BL.Rules\MySystem.BL.Rules.csproj", "{3005DEBE-B6DA-4B08-A9CF-8AD86D249273}"
EndProject
Global
	GlobalSection(SolutionConfigurationPlatforms) = preSolution
		Debug|Any CPU = Debug|Any CPU
		Release|Any CPU = Release|Any CPU
	EndGlobalSection
	GlobalSection(ProjectConfigurationPlatforms) = postSolution
		{35275DD2-8A3F-4A80-AB70-763B6D345899}.Debug|Any CPU.ActiveCfg = Debug|Any CPU
		{35275DD2-8A3F-4A80-AB70-763B6D345899}.Debug|Any CPU.Build.0 = Debug|Any CPU
		{35275DD2-8A3F-4A80-AB70-763B6D345899}.Release|Any CPU.ActiveCfg = Release|Any CPU
		{35275DD2-8A3F-4A80-AB70-763B6D345899}.Release|Any CPU.Build.0 = Release|Any CPU
		{4478AF27-C8A2-4A3F-9B08-04D2BAA3AB13}.Debug|Any CPU.ActiveCfg = Debug|Any CPU
		{4478AF27-C8A2-4A3F-9B08-04D2BAA3AB13}.Debug|Any CPU.Build.0 = Debug|Any CPU
		{4478AF27-C8A2-4A3F-9B08-04D2BAA3AB13}.Release|Any CPU.ActiveCfg = Release|Any CPU
		{4478AF27-C8A2-4A3F-9B08-04D2BAA3AB13}.Release|Any CPU.Build.0 = Release|Any CPU
		{3C0BE0B5-CF1C-4C7B-8A6F-2675826E74A4}.Debug|Any CPU.ActiveCfg = Debug|Any CPU
		{3C0BE0B5-CF1C-4C7B-8A6F-2675826E74A4}.Debug|Any CPU.Build.0 = Debug|Any CPU
		{3C0BE0B5-CF1C-4C7B-8A6F-2675826E74A4}.Release|Any CPU.ActiveCfg = Release|Any CPU
		{3C0BE0B5-CF1C-4C7B-8A6F-2675826E74A4}.Release|Any CPU.Build.0 = Release|Any CPU
		{B05060BD-D210-401E-A5F9-0D464F737121}.Debug|Any CPU.ActiveCfg = Debug|Any CPU
		{B05060BD-D210-401E-A5F9-0D464F737121}.Debug|Any CPU.Build.0 = Debug|Any CPU
		{B05060BD-D210-401E-A5F9-0D464F737121}.Release|Any CPU.ActiveCfg = Release|Any CPU
		{B05060BD-D210-401E-A5F9-0D464F737121}.Release|Any CPU.Build.0 = Release|Any CPU
		{592D7AD8-BD76-45E7-9D50-AA7C0FDD6DBF}.Debug|Any CPU.ActiveCfg = Debug|Any CPU
		{592D7AD8-BD76-45E7-9D50-AA7C0FDD6DBF}.Debug|Any CPU.Build.0 = Debug|Any CPU
		{592D7AD8-BD76-45E7-9D50-AA7C0FDD6DBF}.Release|Any CPU.ActiveCfg = Release|Any CPU
		{592D7AD8-BD76-45E7-9D50-AA7C0FDD6DBF}.Release|Any CPU.Build.0 = Release|Any CPU
		{C69AD85C-FBDC-4CCC-91F6-5D9DEAED0898}.Debug|Any CPU.ActiveCfg = Debug|Any CPU
		{C69AD85C-FBDC-4CCC-91F6-5D9DEAED0898}.Debug|Any CPU.Build.0 = Debug|Any CPU
		{C69AD85C-FBDC-4CCC-91F6-5D9DEAED0898}.Release|Any CPU.ActiveCfg = Release|Any CPU
		{C69AD85C-FBDC-4CCC-91F6-5D9DEAED0898}.Release|Any CPU.Build.0 = Release|Any CPU
		{766FB65E-D052-470B-9DF8-12D7CD991014}.Debug|Any CPU.ActiveCfg = Debug|Any CPU
		{766FB65E-D052-470B-9DF8-12D7CD991014}.Debug|Any CPU.Build.0 = Debug|Any CPU
		{766FB65E-D052-470B-9DF8-12D7CD991014}.Release|Any CPU.ActiveCfg = Release|Any CPU
		{766FB65E-D052-470B-9DF8-12D7CD991014}.Release|Any CPU.Build.0 = Release|Any CPU
		{2439FA99-5B50-4873-8FB9-B4278B146EB3}.Debug|Any CPU.ActiveCfg = Debug|Any CPU
		{2439FA99-5B50-4873-8FB9-B4278B146EB3}.Debug|Any CPU.Build.0 = Debug|Any CPU
		{2439FA99-5B50-4873-8FB9-B4278B146EB3}.Release|Any CPU.ActiveCfg = Release|Any CPU
		{2439FA99-5B50-4873-8FB9-B4278B146EB3}.Release|Any CPU.Build.0 = Release|Any CPU
		{4488747C-7F00-4F96-BA78-537A1631A801}.Debug|Any CPU.ActiveCfg = Debug|Any CPU
		{4488747C-7F00-4F96-BA78-537A1631A801}.Debug|Any CPU.Build.0 = Debug|Any CPU
		{4488747C-7F00-4F96-BA78-537A1631A801}.Release|Any CPU.ActiveCfg = Release|Any CPU
		{4488747C-7F00-4F96-BA78-537A1631A801}.Release|Any CPU.Build.0 = Release|Any CPU
		{79A3DCDA-8B22-4645-BF95-01346FA16863}.Debug|Any CPU.ActiveCfg = Debug|Any CPU
		{79A3DCDA-8B22-4645-BF95-01346FA16863}.Debug|Any CPU.Build.0 = Debug|Any CPU
		{79A3DCDA-8B22-4645-BF95-01346FA16863}.Release|Any CPU.ActiveCfg = Release|Any CPU
		{79A3DCDA-8B22-4645-BF95-01346FA16863}.Release|Any CPU.Build.0 = Release|Any CPU
		{974E471D-77D2-4A25-AD78-76018B194526}.Debug|Any CPU.ActiveCfg = Debug|Any CPU
		{974E471D-77D2-4A25-AD78-76018B194526}.Debug|Any CPU.Build.0 = Debug|Any CPU
		{974E471D-77D2-4A25-AD78-76018B194526}.Release|Any CPU.ActiveCfg = Release|Any CPU
		{974E471D-77D2-4A25-AD78-76018B194526}.Release|Any CPU.Build.0 = Release|Any CPU
		{80F64035-5398-499B-A5DB-B147F8B0AD40}.Debug|Any CPU.ActiveCfg = Debug|Any CPU
		{80F64035-5398-499B-A5DB-B147F8B0AD40}.Debug|Any CPU.Build.0 = Debug|Any CPU
		{80F64035-5398-499B-A5DB-B147F8B0AD40}.Release|Any CPU.ActiveCfg = Release|Any CPU
		{80F64035-5398-499B-A5DB-B147F8B0AD40}.Release|Any CPU.Build.0 = Release|Any CPU
		{3005DEBE-B6DA-4B08-A9CF-8AD86D249273}.Debug|Any CPU.ActiveCfg = Debug|Any CPU
		{3005DEBE-B6DA-4B08-A9CF-8AD86D249273}.Debug|Any CPU.Build.0 = Debug|Any CPU
		{3005DEBE-B6DA-4B08-A9CF-8AD86D249273}.Release|Any CPU.ActiveCfg = Release|Any CPU
		{3005DEBE-B6DA-4B08-A9CF-8AD86D249273}.Release|Any CPU.Build.0 = Release|Any CPU
	EndGlobalSection
	GlobalSection(SolutionProperties) = preSolution
		HideSolutionNode = FALSE
	EndGlobalSection
	GlobalSection(NestedProjects) = preSolution
		{35275DD2-8A3F-4A80-AB70-763B6D345899} = {D5EBDD40-9D07-4D03-BA33-E1954EFA1EE2}
		{4478AF27-C8A2-4A3F-9B08-04D2BAA3AB13} = {9D7C6007-834B-4CC8-B6D9-0A1E7CFEC9D3}
		{3C0BE0B5-CF1C-4C7B-8A6F-2675826E74A4} = {42C425B1-93BB-49D1-A5FB-E4C5BADAF0D1}
		{B05060BD-D210-401E-A5F9-0D464F737121} = {42C425B1-93BB-49D1-A5FB-E4C5BADAF0D1}
		{4E7D8596-FFA3-44C8-A76F-18E6D135CFE9} = {D5EBDD40-9D07-4D03-BA33-E1954EFA1EE2}
		{79A3DCDA-8B22-4645-BF95-01346FA16863} = {4E7D8596-FFA3-44C8-A76F-18E6D135CFE9}
		{974E471D-77D2-4A25-AD78-76018B194526} = {4E7D8596-FFA3-44C8-A76F-18E6D135CFE9}
		{80F64035-5398-499B-A5DB-B147F8B0AD40} = {D5EBDD40-9D07-4D03-BA33-E1954EFA1EE2}
		{3005DEBE-B6DA-4B08-A9CF-8AD86D249273} = {D5EBDD40-9D07-4D03-BA33-E1954EFA1EE2}
	EndGlobalSection
	GlobalSection(ExtensibilityGlobals) = postSolution
		SolutionGuid = {5151FC89-62E4-4B6C-B187-B103827CA1AD}
	EndGlobalSection
EndGlobal
