
Microsoft Visual Studio Solution File, Format Version 12.00
# Visual Studio 15
VisualStudioVersion = 15.0.28307.271
MinimumVisualStudioVersion = 10.0.40219.1
Project("{9A19103F-16F7-4668-BE54-9A1E7A4F7556}") = "MySystem.DAL.Repositories", "..\MySystem.DAL\MySystem.DAL.Repositories\MySystem.DAL.Repositories.csproj", "{7735F343-1E7C-4902-B5AF-8F7C8A972750}"
EndProject
Project("{2150E333-8FDC-42A3-9474-1A3956D46DE8}") = "DAL", "DAL", "{538C522B-3C1B-4269-87F0-5A98AD2B4755}"
EndProject
Project("{9A19103F-16F7-4668-BE54-9A1E7A4F7556}") = "MySystem.DAL.Entities", "..\MySystem.DAL\MySystem.DAL.Entities\MySystem.DAL.Entities.csproj", "{8EA8E89E-F76A-4A02-96D7-79B98D400226}"
EndProject
Project("{9A19103F-16F7-4668-BE54-9A1E7A4F7556}") = "MySystem.DAL.Contract", "..\MySystem.DAL\MySystem.DAL.Contract\MySystem.DAL.Contract.csproj", "{EA62CB84-01D6-467E-96DD-C8413D7C7E34}"
EndProject
Project("{2150E333-8FDC-42A3-9474-1A3956D46DE8}") = "BL", "BL", "{6940D138-06E2-46CB-AC8E-3F9113C63499}"
EndProject
Project("{9A19103F-16F7-4668-BE54-9A1E7A4F7556}") = "MySystem.BL.Contract", "..\MySystem.BL\MySystem.BL.Contract\MySystem.BL.Contract.csproj", "{840E055C-5053-4952-B08F-CD33CA252905}"
EndProject
Project("{2150E333-8FDC-42A3-9474-1A3956D46DE8}") = "Service", "Service", "{D24CB3E0-401E-4D6E-8ED6-4B992EA858E0}"
EndProject
Project("{9A19103F-16F7-4668-BE54-9A1E7A4F7556}") = "MySystem.Service.Domain", "..\MySystem.Service\MySystem.Service.Domain\MySystem.Service.Domain.csproj", "{D10173A1-0588-4CDA-AEAB-69FE23A02EB0}"
EndProject
Project("{9A19103F-16F7-4668-BE54-9A1E7A4F7556}") = "MySystem.Service.Main", "..\MySystem.Service\MySystem.Service.Main\MySystem.Service.Main.csproj", "{DE9F490B-0E0C-48A0-826E-37FC67898D51}"
EndProject
Project("{9A19103F-16F7-4668-BE54-9A1E7A4F7556}") = "MySystem.Service.Contract", "..\MySystem.Service\MySystem.Service.Contract\MySystem.Service.Contract.csproj", "{9203B444-7C0D-4EF0-BCCB-D2C34EE7C8E1}"
EndProject
Project("{9A19103F-16F7-4668-BE54-9A1E7A4F7556}") = "MySystem.Service.Configuration", "..\MySystem.Service\MySystem.Service.Configuration\MySystem.Service.Configuration.csproj", "{528641C2-6B55-446E-A3F5-6AD36B9FAF38}"
EndProject
Project("{2150E333-8FDC-42A3-9474-1A3956D46DE8}") = "Client", "Client", "{F8B1CD3B-BD51-4557-BB3B-AF59893EB386}"
EndProject
Project("{FAE04EC0-301F-11D3-BF4B-00C04F79EFBC}") = "MySystem.Client.Main", "..\MySystem.Client\MySystem.Client.Main\MySystem.Client.Main.csproj", "{B05060BD-D210-401E-A5F9-0D464F737121}"
EndProject
Project("{FAE04EC0-301F-11D3-BF4B-00C04F79EFBC}") = "MySystem.Client.Contract", "..\MySystem.Client\MySystem.Client.Contract\MySystem.Client.Contract.csproj", "{3C0BE0B5-CF1C-4C7B-8A6F-2675826E74A4}"
EndProject
Project("{9A19103F-16F7-4668-BE54-9A1E7A4F7556}") = "MySystem.Test.BDDLogin", "MySystem.Test.BDD\MySystem.Test.BDDLogin.csproj", "{4EE720D6-A030-4EEF-9B1F-483FFDEC59E9}"
EndProject
Project("{9A19103F-16F7-4668-BE54-9A1E7A4F7556}") = "MySystem.Test.BDDMain", "MySystem.Test.BDDMain\MySystem.Test.BDDMain.csproj", "{4C74A696-FF5F-4A11-8EEA-8C0B4FD7BDE4}"
EndProject
Project("{9A19103F-16F7-4668-BE54-9A1E7A4F7556}") = "MySystem.DAL.Contexts", "..\MySystem.DAL\MySystem.DAL.Contexts\MySystem.DAL.Contexts.csproj", "{12BCA7F2-83CF-4C36-9D27-1DF819D68DBC}"
EndProject
Project("{9A19103F-16F7-4668-BE54-9A1E7A4F7556}") = "MySystem.BL.DomainEvents", "..\MySystem.BL\MySystem.BL.DomainEvents\MySystem.BL.DomainEvents.csproj", "{C5C7C1A5-EA62-4775-A278-A657266ED0FE}"
EndProject
Project("{9A19103F-16F7-4668-BE54-9A1E7A4F7556}") = "MySystem.BL.Activities", "..\MySystem.BL\MySystem.BL.Activities\MySystem.BL.Activities.csproj", "{D7476A9F-7BCB-44BF-A1F4-84ACA8B3C7B7}"
EndProject
Project("{9A19103F-16F7-4668-BE54-9A1E7A4F7556}") = "MySystem.BL.Rules", "..\MySystem.BL\MySystem.BL.Rules\MySystem.BL.Rules.csproj", "{93FFDF61-4FA8-424D-93AE-53151FE9FF62}"
EndProject
Project("{9A19103F-16F7-4668-BE54-9A1E7A4F7556}") = "MySystem.BL.UseCases", "..\MySystem.BL\MySystem.BL.UseCases\MySystem.BL.UseCases.csproj", "{6C373955-60AD-49E6-A3CC-E7FD0D4DC02E}"
EndProject
Project("{FAE04EC0-301F-11D3-BF4B-00C04F79EFBC}") = "MySystem.Test.BDDNotes", "MySystem.Test.BDDNotes\MySystem.Test.BDDNotes.csproj", "{A2106741-6179-4F86-B6C7-5BD2FC869D36}"
EndProject
Global
	GlobalSection(SolutionConfigurationPlatforms) = preSolution
		Debug|Any CPU = Debug|Any CPU
		Release|Any CPU = Release|Any CPU
	EndGlobalSection
	GlobalSection(ProjectConfigurationPlatforms) = postSolution
		{7735F343-1E7C-4902-B5AF-8F7C8A972750}.Debug|Any CPU.ActiveCfg = Debug|Any CPU
		{7735F343-1E7C-4902-B5AF-8F7C8A972750}.Debug|Any CPU.Build.0 = Debug|Any CPU
		{7735F343-1E7C-4902-B5AF-8F7C8A972750}.Release|Any CPU.ActiveCfg = Release|Any CPU
		{7735F343-1E7C-4902-B5AF-8F7C8A972750}.Release|Any CPU.Build.0 = Release|Any CPU
		{8EA8E89E-F76A-4A02-96D7-79B98D400226}.Debug|Any CPU.ActiveCfg = Debug|Any CPU
		{8EA8E89E-F76A-4A02-96D7-79B98D400226}.Debug|Any CPU.Build.0 = Debug|Any CPU
		{8EA8E89E-F76A-4A02-96D7-79B98D400226}.Release|Any CPU.ActiveCfg = Release|Any CPU
		{8EA8E89E-F76A-4A02-96D7-79B98D400226}.Release|Any CPU.Build.0 = Release|Any CPU
		{EA62CB84-01D6-467E-96DD-C8413D7C7E34}.Debug|Any CPU.ActiveCfg = Debug|Any CPU
		{EA62CB84-01D6-467E-96DD-C8413D7C7E34}.Debug|Any CPU.Build.0 = Debug|Any CPU
		{EA62CB84-01D6-467E-96DD-C8413D7C7E34}.Release|Any CPU.ActiveCfg = Release|Any CPU
		{EA62CB84-01D6-467E-96DD-C8413D7C7E34}.Release|Any CPU.Build.0 = Release|Any CPU
		{840E055C-5053-4952-B08F-CD33CA252905}.Debug|Any CPU.ActiveCfg = Debug|Any CPU
		{840E055C-5053-4952-B08F-CD33CA252905}.Debug|Any CPU.Build.0 = Debug|Any CPU
		{840E055C-5053-4952-B08F-CD33CA252905}.Release|Any CPU.ActiveCfg = Release|Any CPU
		{840E055C-5053-4952-B08F-CD33CA252905}.Release|Any CPU.Build.0 = Release|Any CPU
		{D10173A1-0588-4CDA-AEAB-69FE23A02EB0}.Debug|Any CPU.ActiveCfg = Debug|Any CPU
		{D10173A1-0588-4CDA-AEAB-69FE23A02EB0}.Debug|Any CPU.Build.0 = Debug|Any CPU
		{D10173A1-0588-4CDA-AEAB-69FE23A02EB0}.Release|Any CPU.ActiveCfg = Release|Any CPU
		{D10173A1-0588-4CDA-AEAB-69FE23A02EB0}.Release|Any CPU.Build.0 = Release|Any CPU
		{DE9F490B-0E0C-48A0-826E-37FC67898D51}.Debug|Any CPU.ActiveCfg = Debug|Any CPU
		{DE9F490B-0E0C-48A0-826E-37FC67898D51}.Debug|Any CPU.Build.0 = Debug|Any CPU
		{DE9F490B-0E0C-48A0-826E-37FC67898D51}.Release|Any CPU.ActiveCfg = Release|Any CPU
		{DE9F490B-0E0C-48A0-826E-37FC67898D51}.Release|Any CPU.Build.0 = Release|Any CPU
		{9203B444-7C0D-4EF0-BCCB-D2C34EE7C8E1}.Debug|Any CPU.ActiveCfg = Debug|Any CPU
		{9203B444-7C0D-4EF0-BCCB-D2C34EE7C8E1}.Debug|Any CPU.Build.0 = Debug|Any CPU
		{9203B444-7C0D-4EF0-BCCB-D2C34EE7C8E1}.Release|Any CPU.ActiveCfg = Release|Any CPU
		{9203B444-7C0D-4EF0-BCCB-D2C34EE7C8E1}.Release|Any CPU.Build.0 = Release|Any CPU
		{528641C2-6B55-446E-A3F5-6AD36B9FAF38}.Debug|Any CPU.ActiveCfg = Debug|Any CPU
		{528641C2-6B55-446E-A3F5-6AD36B9FAF38}.Debug|Any CPU.Build.0 = Debug|Any CPU
		{528641C2-6B55-446E-A3F5-6AD36B9FAF38}.Release|Any CPU.ActiveCfg = Release|Any CPU
		{528641C2-6B55-446E-A3F5-6AD36B9FAF38}.Release|Any CPU.Build.0 = Release|Any CPU
		{B05060BD-D210-401E-A5F9-0D464F737121}.Debug|Any CPU.ActiveCfg = Debug|Any CPU
		{B05060BD-D210-401E-A5F9-0D464F737121}.Debug|Any CPU.Build.0 = Debug|Any CPU
		{B05060BD-D210-401E-A5F9-0D464F737121}.Release|Any CPU.ActiveCfg = Release|Any CPU
		{B05060BD-D210-401E-A5F9-0D464F737121}.Release|Any CPU.Build.0 = Release|Any CPU
		{3C0BE0B5-CF1C-4C7B-8A6F-2675826E74A4}.Debug|Any CPU.ActiveCfg = Debug|Any CPU
		{3C0BE0B5-CF1C-4C7B-8A6F-2675826E74A4}.Debug|Any CPU.Build.0 = Debug|Any CPU
		{3C0BE0B5-CF1C-4C7B-8A6F-2675826E74A4}.Release|Any CPU.ActiveCfg = Release|Any CPU
		{3C0BE0B5-CF1C-4C7B-8A6F-2675826E74A4}.Release|Any CPU.Build.0 = Release|Any CPU
		{4EE720D6-A030-4EEF-9B1F-483FFDEC59E9}.Debug|Any CPU.ActiveCfg = Debug|Any CPU
		{4EE720D6-A030-4EEF-9B1F-483FFDEC59E9}.Debug|Any CPU.Build.0 = Debug|Any CPU
		{4EE720D6-A030-4EEF-9B1F-483FFDEC59E9}.Release|Any CPU.ActiveCfg = Release|Any CPU
		{4EE720D6-A030-4EEF-9B1F-483FFDEC59E9}.Release|Any CPU.Build.0 = Release|Any CPU
		{4C74A696-FF5F-4A11-8EEA-8C0B4FD7BDE4}.Debug|Any CPU.ActiveCfg = Debug|Any CPU
		{4C74A696-FF5F-4A11-8EEA-8C0B4FD7BDE4}.Debug|Any CPU.Build.0 = Debug|Any CPU
		{4C74A696-FF5F-4A11-8EEA-8C0B4FD7BDE4}.Release|Any CPU.ActiveCfg = Release|Any CPU
		{4C74A696-FF5F-4A11-8EEA-8C0B4FD7BDE4}.Release|Any CPU.Build.0 = Release|Any CPU
		{12BCA7F2-83CF-4C36-9D27-1DF819D68DBC}.Debug|Any CPU.ActiveCfg = Debug|Any CPU
		{12BCA7F2-83CF-4C36-9D27-1DF819D68DBC}.Debug|Any CPU.Build.0 = Debug|Any CPU
		{12BCA7F2-83CF-4C36-9D27-1DF819D68DBC}.Release|Any CPU.ActiveCfg = Release|Any CPU
		{12BCA7F2-83CF-4C36-9D27-1DF819D68DBC}.Release|Any CPU.Build.0 = Release|Any CPU
		{C5C7C1A5-EA62-4775-A278-A657266ED0FE}.Debug|Any CPU.ActiveCfg = Debug|Any CPU
		{C5C7C1A5-EA62-4775-A278-A657266ED0FE}.Debug|Any CPU.Build.0 = Debug|Any CPU
		{C5C7C1A5-EA62-4775-A278-A657266ED0FE}.Release|Any CPU.ActiveCfg = Release|Any CPU
		{C5C7C1A5-EA62-4775-A278-A657266ED0FE}.Release|Any CPU.Build.0 = Release|Any CPU
		{D7476A9F-7BCB-44BF-A1F4-84ACA8B3C7B7}.Debug|Any CPU.ActiveCfg = Debug|Any CPU
		{D7476A9F-7BCB-44BF-A1F4-84ACA8B3C7B7}.Debug|Any CPU.Build.0 = Debug|Any CPU
		{D7476A9F-7BCB-44BF-A1F4-84ACA8B3C7B7}.Release|Any CPU.ActiveCfg = Release|Any CPU
		{D7476A9F-7BCB-44BF-A1F4-84ACA8B3C7B7}.Release|Any CPU.Build.0 = Release|Any CPU
		{93FFDF61-4FA8-424D-93AE-53151FE9FF62}.Debug|Any CPU.ActiveCfg = Debug|Any CPU
		{93FFDF61-4FA8-424D-93AE-53151FE9FF62}.Debug|Any CPU.Build.0 = Debug|Any CPU
		{93FFDF61-4FA8-424D-93AE-53151FE9FF62}.Release|Any CPU.ActiveCfg = Release|Any CPU
		{93FFDF61-4FA8-424D-93AE-53151FE9FF62}.Release|Any CPU.Build.0 = Release|Any CPU
		{6C373955-60AD-49E6-A3CC-E7FD0D4DC02E}.Debug|Any CPU.ActiveCfg = Debug|Any CPU
		{6C373955-60AD-49E6-A3CC-E7FD0D4DC02E}.Debug|Any CPU.Build.0 = Debug|Any CPU
		{6C373955-60AD-49E6-A3CC-E7FD0D4DC02E}.Release|Any CPU.ActiveCfg = Release|Any CPU
		{6C373955-60AD-49E6-A3CC-E7FD0D4DC02E}.Release|Any CPU.Build.0 = Release|Any CPU
		{A2106741-6179-4F86-B6C7-5BD2FC869D36}.Debug|Any CPU.ActiveCfg = Debug|Any CPU
		{A2106741-6179-4F86-B6C7-5BD2FC869D36}.Debug|Any CPU.Build.0 = Debug|Any CPU
		{A2106741-6179-4F86-B6C7-5BD2FC869D36}.Release|Any CPU.ActiveCfg = Release|Any CPU
		{A2106741-6179-4F86-B6C7-5BD2FC869D36}.Release|Any CPU.Build.0 = Release|Any CPU
	EndGlobalSection
	GlobalSection(SolutionProperties) = preSolution
		HideSolutionNode = FALSE
	EndGlobalSection
	GlobalSection(NestedProjects) = preSolution
		{7735F343-1E7C-4902-B5AF-8F7C8A972750} = {538C522B-3C1B-4269-87F0-5A98AD2B4755}
		{8EA8E89E-F76A-4A02-96D7-79B98D400226} = {538C522B-3C1B-4269-87F0-5A98AD2B4755}
		{EA62CB84-01D6-467E-96DD-C8413D7C7E34} = {538C522B-3C1B-4269-87F0-5A98AD2B4755}
		{840E055C-5053-4952-B08F-CD33CA252905} = {6940D138-06E2-46CB-AC8E-3F9113C63499}
		{D10173A1-0588-4CDA-AEAB-69FE23A02EB0} = {D24CB3E0-401E-4D6E-8ED6-4B992EA858E0}
		{DE9F490B-0E0C-48A0-826E-37FC67898D51} = {D24CB3E0-401E-4D6E-8ED6-4B992EA858E0}
		{9203B444-7C0D-4EF0-BCCB-D2C34EE7C8E1} = {D24CB3E0-401E-4D6E-8ED6-4B992EA858E0}
		{528641C2-6B55-446E-A3F5-6AD36B9FAF38} = {D24CB3E0-401E-4D6E-8ED6-4B992EA858E0}
		{B05060BD-D210-401E-A5F9-0D464F737121} = {F8B1CD3B-BD51-4557-BB3B-AF59893EB386}
		{3C0BE0B5-CF1C-4C7B-8A6F-2675826E74A4} = {F8B1CD3B-BD51-4557-BB3B-AF59893EB386}
		{12BCA7F2-83CF-4C36-9D27-1DF819D68DBC} = {538C522B-3C1B-4269-87F0-5A98AD2B4755}
		{C5C7C1A5-EA62-4775-A278-A657266ED0FE} = {6940D138-06E2-46CB-AC8E-3F9113C63499}
		{D7476A9F-7BCB-44BF-A1F4-84ACA8B3C7B7} = {6940D138-06E2-46CB-AC8E-3F9113C63499}
		{93FFDF61-4FA8-424D-93AE-53151FE9FF62} = {6940D138-06E2-46CB-AC8E-3F9113C63499}
		{6C373955-60AD-49E6-A3CC-E7FD0D4DC02E} = {6940D138-06E2-46CB-AC8E-3F9113C63499}
	EndGlobalSection
	GlobalSection(ExtensibilityGlobals) = postSolution
		SolutionGuid = {55EBC28D-0310-4078-918D-16370E0114E8}
	EndGlobalSection
EndGlobal
